
Microsoft Visual Studio Solution File, Format Version 12.00
# Visual Studio Version 17
VisualStudioVersion = 17.13.35818.85
MinimumVisualStudioVersion = 10.0.40219.1
Project("{FAE04EC0-301F-11D3-BF4B-00C04F79EFBC}") = "Entidades", "Entidades\Entidades.csproj", "{019CF513-18EB-45D5-9D19-A5F030C7D00D}"
EndProject
Project("{FAE04EC0-301F-11D3-BF4B-00C04F79EFBC}") = "Negocio", "Negocio\Negocio.csproj", "{499BB0D9-F994-489B-83FF-A81493E2D94E}"
EndProject
Project("{FAE04EC0-301F-11D3-BF4B-00C04F79EFBC}") = "Datos", "Datos\Datos.csproj", "{3821666E-6F5B-46DA-B70F-479CAFD92050}"
EndProject
Project("{FAE04EC0-301F-11D3-BF4B-00C04F79EFBC}") = "Visual", "Visual\Visual.csproj", "{ECBE3782-AD8A-47C8-A159-01500733DD42}"
EndProject
Project("{2150E333-8FDC-42A3-9474-1A3956D46DE8}") = "Aca van las notas", "Aca van las notas", "{D107F4C8-89CC-BEA8-D3D7-CA6B7733353D}"
	ProjectSection(SolutionItems) = preProject
		Cosas pendientes.txt = Cosas pendientes.txt
	EndProjectSection
EndProject
Global
	GlobalSection(SolutionConfigurationPlatforms) = preSolution
		Debug|Any CPU = Debug|Any CPU
		Release|Any CPU = Release|Any CPU
	EndGlobalSection
	GlobalSection(ProjectConfigurationPlatforms) = postSolution
		{019CF513-18EB-45D5-9D19-A5F030C7D00D}.Debug|Any CPU.ActiveCfg = Debug|Any CPU
		{019CF513-18EB-45D5-9D19-A5F030C7D00D}.Debug|Any CPU.Build.0 = Debug|Any CPU
		{019CF513-18EB-45D5-9D19-A5F030C7D00D}.Release|Any CPU.ActiveCfg = Release|Any CPU
		{019CF513-18EB-45D5-9D19-A5F030C7D00D}.Release|Any CPU.Build.0 = Release|Any CPU
		{499BB0D9-F994-489B-83FF-A81493E2D94E}.Debug|Any CPU.ActiveCfg = Debug|Any CPU
		{499BB0D9-F994-489B-83FF-A81493E2D94E}.Debug|Any CPU.Build.0 = Debug|Any CPU
		{499BB0D9-F994-489B-83FF-A81493E2D94E}.Release|Any CPU.ActiveCfg = Release|Any CPU
		{499BB0D9-F994-489B-83FF-A81493E2D94E}.Release|Any CPU.Build.0 = Release|Any CPU
		{3821666E-6F5B-46DA-B70F-479CAFD92050}.Debug|Any CPU.ActiveCfg = Debug|Any CPU
		{3821666E-6F5B-46DA-B70F-479CAFD92050}.Debug|Any CPU.Build.0 = Debug|Any CPU
		{3821666E-6F5B-46DA-B70F-479CAFD92050}.Release|Any CPU.ActiveCfg = Release|Any CPU
		{3821666E-6F5B-46DA-B70F-479CAFD92050}.Release|Any CPU.Build.0 = Release|Any CPU
		{ECBE3782-AD8A-47C8-A159-01500733DD42}.Debug|Any CPU.ActiveCfg = Debug|Any CPU
		{ECBE3782-AD8A-47C8-A159-01500733DD42}.Debug|Any CPU.Build.0 = Debug|Any CPU
		{ECBE3782-AD8A-47C8-A159-01500733DD42}.Release|Any CPU.ActiveCfg = Release|Any CPU
		{ECBE3782-AD8A-47C8-A159-01500733DD42}.Release|Any CPU.Build.0 = Release|Any CPU
	EndGlobalSection
	GlobalSection(SolutionProperties) = preSolution
		HideSolutionNode = FALSE
	EndGlobalSection
	GlobalSection(ExtensibilityGlobals) = postSolution
		SolutionGuid = {73A5E9C0-6599-498E-B2EE-9B1EAC189D1C}
	EndGlobalSection
EndGlobal
